
Microsoft Visual Studio Solution File, Format Version 12.00
# Visual Studio Version 17
VisualStudioVersion = 17.5.33627.172
MinimumVisualStudioVersion = 10.0.40219.1
Project("{FAE04EC0-301F-11D3-BF4B-00C04F79EFBC}") = "GraphTutorialUWP", "GraphTutorial\GraphTutorialUWP.csproj", "{36E0A970-B783-472A-87A6-CE246773001B}"
EndProject
Project("{9A19103F-16F7-4668-BE54-9A1E7A4F7556}") = "GraphTutorialConsole", "GraphTutorialConsole\GraphTutorialConsole.csproj", "{D598A893-6A05-4440-83CB-90FF6CA229C0}"
EndProject
Project("{9A19103F-16F7-4668-BE54-9A1E7A4F7556}") = "Win-App-calling-MsGraph", "Win-App-calling-MsGraph\Win-App-calling-MsGraph.csproj", "{CAFA1837-86DA-4038-8D58-E4FD6C98CCAF}"
EndProject
Project("{2150E333-8FDC-42A3-9474-1A3956D46DE8}") = "Solution Items", "Solution Items", "{3BC0D227-C511-4E53-BE40-D79B6932C6E3}"
	ProjectSection(SolutionItems) = preProject
		ReadMe.md = ReadMe.md
		ReadMe.Tutorials.md = ReadMe.Tutorials.md
	EndProjectSection
EndProject
Project("{9A19103F-16F7-4668-BE54-9A1E7A4F7556}") = "GraphTutorialConsole2", "GraphTutorialConsole2\GraphTutorialConsole2.csproj", "{38D08DE4-3D98-44DF-B017-700309F3F823}"
EndProject
Project("{2150E333-8FDC-42A3-9474-1A3956D46DE8}") = "TokenCaching", "TokenCaching", "{1558B096-0ED1-4E5D-98E2-BF432F53A96D}"
EndProject
Project("{9A19103F-16F7-4668-BE54-9A1E7A4F7556}") = "TokenCaching", "TokenCaching\TokenCaching.csproj", "{D092F5DA-260C-4A27-AAFD-BD4A6C477C07}"
EndProject
Project("{D954291E-2A0B-460D-934E-DC6B0785DB48}") = "Shared", "Shared\Shared.shproj", "{F575599F-41AD-4CDD-B0AD-3B659A43EE84}"
EndProject
Project("{9A19103F-16F7-4668-BE54-9A1E7A4F7556}") = "Microsoft.Identity.Client.Extensions.Msal", "Microsoft.Identity.Client.Extensions.Msal\Microsoft.Identity.Client.Extensions.Msal.csproj", "{86321D6A-C1C0-4319-9999-0E6555352618}"
EndProject
Project("{9A19103F-16F7-4668-BE54-9A1E7A4F7556}") = "DemoConsoleApp", "DemoConsoleApp\DemoConsoleApp.csproj", "{1AC6ED7F-9637-4C3C-B01C-11E69E6422D8}"
EndProject
Project("{9A19103F-16F7-4668-BE54-9A1E7A4F7556}") = "DemoLibrary", "DemoLibrary\DemoLibrary.csproj", "{EC194BD3-BFB4-4494-8B8D-5F20EF0313A5}"
EndProject
Project("{9A19103F-16F7-4668-BE54-9A1E7A4F7556}") = "MSGraphSlideshowApp", "DemoApp\MSGraphSlideshowApp.csproj", "{55FB061C-0761-4328-BF6B-A4171FF2CDDE}"
EndProject
Project("{9A19103F-16F7-4668-BE54-9A1E7A4F7556}") = "GraphTutorial", "msgraph-training-dotnet\GraphTutorial\GraphTutorial.csproj", "{08E58397-A8FE-4A84-930D-14E2DD0FAFCA}"
EndProject
Project("{9A19103F-16F7-4668-BE54-9A1E7A4F7556}") = "StandardLib", "..\..\..\AAV.Shared\Src\NetLts\StandardLib\StandardLib.csproj", "{0E842041-E6F8-4933-B3BE-D8E00EC035BA}"
EndProject
Project("{2150E333-8FDC-42A3-9474-1A3956D46DE8}") = "Shared", "Shared", "{92A6D37B-A4F2-443D-A3BF-9024C5CFB95C}"
EndProject
Project("{2150E333-8FDC-42A3-9474-1A3956D46DE8}") = "MSGraph", "MSGraph", "{407B60F1-E54B-4B62-A2A9-0F969E58C3A9}"
EndProject
Project("{9A19103F-16F7-4668-BE54-9A1E7A4F7556}") = "MSGraphSlideshow", "..\..\..\ScSv\Src\AlexPi.Scr\MSGraphSlideshow\MSGraphSlideshow.csproj", "{D0F2016C-71B6-4203-AB50-7BCC9FDD8E2A}"
EndProject
Project("{9A19103F-16F7-4668-BE54-9A1E7A4F7556}") = "WpfUserControlLib", "..\..\..\AAV.Shared\Src\NetLts\WpfUserControlLib\WpfUserControlLib.csproj", "{E4AAA383-EE3C-4A1B-A34D-88F5E4350A4C}"
EndProject
Project("{9A19103F-16F7-4668-BE54-9A1E7A4F7556}") = "StandardContractsLib", "..\..\..\AAV.Shared\Src\NetLts\StandardContractsLib\StandardContractsLib.csproj", "{29BFE020-6606-4775-A660-38B28FEFC319}"
EndProject
Global
	GlobalSection(SolutionConfigurationPlatforms) = preSolution
		Debug|Any CPU = Debug|Any CPU
		Debug|ARM = Debug|ARM
		Debug|ARM64 = Debug|ARM64
		Debug|x64 = Debug|x64
		Debug|x86 = Debug|x86
		Release|Any CPU = Release|Any CPU
		Release|ARM = Release|ARM
		Release|ARM64 = Release|ARM64
		Release|x64 = Release|x64
		Release|x86 = Release|x86
	EndGlobalSection
	GlobalSection(ProjectConfigurationPlatforms) = postSolution
		{36E0A970-B783-472A-87A6-CE246773001B}.Debug|Any CPU.ActiveCfg = Debug|Any CPU
		{36E0A970-B783-472A-87A6-CE246773001B}.Debug|Any CPU.Build.0 = Debug|Any CPU
		{36E0A970-B783-472A-87A6-CE246773001B}.Debug|Any CPU.Deploy.0 = Debug|Any CPU
		{36E0A970-B783-472A-87A6-CE246773001B}.Debug|ARM.ActiveCfg = Debug|ARM
		{36E0A970-B783-472A-87A6-CE246773001B}.Debug|ARM.Build.0 = Debug|ARM
		{36E0A970-B783-472A-87A6-CE246773001B}.Debug|ARM.Deploy.0 = Debug|ARM
		{36E0A970-B783-472A-87A6-CE246773001B}.Debug|ARM64.ActiveCfg = Debug|ARM64
		{36E0A970-B783-472A-87A6-CE246773001B}.Debug|ARM64.Build.0 = Debug|ARM64
		{36E0A970-B783-472A-87A6-CE246773001B}.Debug|ARM64.Deploy.0 = Debug|ARM64
		{36E0A970-B783-472A-87A6-CE246773001B}.Debug|x64.ActiveCfg = Debug|Any CPU
		{36E0A970-B783-472A-87A6-CE246773001B}.Debug|x64.Build.0 = Debug|Any CPU
		{36E0A970-B783-472A-87A6-CE246773001B}.Debug|x64.Deploy.0 = Debug|Any CPU
		{36E0A970-B783-472A-87A6-CE246773001B}.Debug|x86.ActiveCfg = Debug|x86
		{36E0A970-B783-472A-87A6-CE246773001B}.Debug|x86.Build.0 = Debug|x86
		{36E0A970-B783-472A-87A6-CE246773001B}.Debug|x86.Deploy.0 = Debug|x86
		{36E0A970-B783-472A-87A6-CE246773001B}.Release|Any CPU.ActiveCfg = Release|x86
		{36E0A970-B783-472A-87A6-CE246773001B}.Release|ARM.ActiveCfg = Release|ARM
		{36E0A970-B783-472A-87A6-CE246773001B}.Release|ARM.Build.0 = Release|ARM
		{36E0A970-B783-472A-87A6-CE246773001B}.Release|ARM.Deploy.0 = Release|ARM
		{36E0A970-B783-472A-87A6-CE246773001B}.Release|ARM64.ActiveCfg = Release|ARM64
		{36E0A970-B783-472A-87A6-CE246773001B}.Release|ARM64.Build.0 = Release|ARM64
		{36E0A970-B783-472A-87A6-CE246773001B}.Release|ARM64.Deploy.0 = Release|ARM64
		{36E0A970-B783-472A-87A6-CE246773001B}.Release|x64.ActiveCfg = Release|x64
		{36E0A970-B783-472A-87A6-CE246773001B}.Release|x64.Build.0 = Release|x64
		{36E0A970-B783-472A-87A6-CE246773001B}.Release|x64.Deploy.0 = Release|x64
		{36E0A970-B783-472A-87A6-CE246773001B}.Release|x86.ActiveCfg = Release|x86
		{36E0A970-B783-472A-87A6-CE246773001B}.Release|x86.Build.0 = Release|x86
		{36E0A970-B783-472A-87A6-CE246773001B}.Release|x86.Deploy.0 = Release|x86
		{D598A893-6A05-4440-83CB-90FF6CA229C0}.Debug|Any CPU.ActiveCfg = Debug|Any CPU
		{D598A893-6A05-4440-83CB-90FF6CA229C0}.Debug|Any CPU.Build.0 = Debug|Any CPU
		{D598A893-6A05-4440-83CB-90FF6CA229C0}.Debug|ARM.ActiveCfg = Debug|Any CPU
		{D598A893-6A05-4440-83CB-90FF6CA229C0}.Debug|ARM.Build.0 = Debug|Any CPU
		{D598A893-6A05-4440-83CB-90FF6CA229C0}.Debug|ARM64.ActiveCfg = Debug|Any CPU
		{D598A893-6A05-4440-83CB-90FF6CA229C0}.Debug|ARM64.Build.0 = Debug|Any CPU
		{D598A893-6A05-4440-83CB-90FF6CA229C0}.Debug|x64.ActiveCfg = Debug|Any CPU
		{D598A893-6A05-4440-83CB-90FF6CA229C0}.Debug|x64.Build.0 = Debug|Any CPU
		{D598A893-6A05-4440-83CB-90FF6CA229C0}.Debug|x86.ActiveCfg = Debug|Any CPU
		{D598A893-6A05-4440-83CB-90FF6CA229C0}.Debug|x86.Build.0 = Debug|Any CPU
		{D598A893-6A05-4440-83CB-90FF6CA229C0}.Release|Any CPU.ActiveCfg = Release|Any CPU
		{D598A893-6A05-4440-83CB-90FF6CA229C0}.Release|Any CPU.Build.0 = Release|Any CPU
		{D598A893-6A05-4440-83CB-90FF6CA229C0}.Release|ARM.ActiveCfg = Release|Any CPU
		{D598A893-6A05-4440-83CB-90FF6CA229C0}.Release|ARM.Build.0 = Release|Any CPU
		{D598A893-6A05-4440-83CB-90FF6CA229C0}.Release|ARM64.ActiveCfg = Release|Any CPU
		{D598A893-6A05-4440-83CB-90FF6CA229C0}.Release|ARM64.Build.0 = Release|Any CPU
		{D598A893-6A05-4440-83CB-90FF6CA229C0}.Release|x64.ActiveCfg = Release|Any CPU
		{D598A893-6A05-4440-83CB-90FF6CA229C0}.Release|x64.Build.0 = Release|Any CPU
		{D598A893-6A05-4440-83CB-90FF6CA229C0}.Release|x86.ActiveCfg = Release|Any CPU
		{D598A893-6A05-4440-83CB-90FF6CA229C0}.Release|x86.Build.0 = Release|Any CPU
		{CAFA1837-86DA-4038-8D58-E4FD6C98CCAF}.Debug|Any CPU.ActiveCfg = Debug|Any CPU
		{CAFA1837-86DA-4038-8D58-E4FD6C98CCAF}.Debug|Any CPU.Build.0 = Debug|Any CPU
		{CAFA1837-86DA-4038-8D58-E4FD6C98CCAF}.Debug|ARM.ActiveCfg = Debug|Any CPU
		{CAFA1837-86DA-4038-8D58-E4FD6C98CCAF}.Debug|ARM.Build.0 = Debug|Any CPU
		{CAFA1837-86DA-4038-8D58-E4FD6C98CCAF}.Debug|ARM64.ActiveCfg = Debug|Any CPU
		{CAFA1837-86DA-4038-8D58-E4FD6C98CCAF}.Debug|ARM64.Build.0 = Debug|Any CPU
		{CAFA1837-86DA-4038-8D58-E4FD6C98CCAF}.Debug|x64.ActiveCfg = Debug|Any CPU
		{CAFA1837-86DA-4038-8D58-E4FD6C98CCAF}.Debug|x64.Build.0 = Debug|Any CPU
		{CAFA1837-86DA-4038-8D58-E4FD6C98CCAF}.Debug|x86.ActiveCfg = Debug|Any CPU
		{CAFA1837-86DA-4038-8D58-E4FD6C98CCAF}.Debug|x86.Build.0 = Debug|Any CPU
		{CAFA1837-86DA-4038-8D58-E4FD6C98CCAF}.Release|Any CPU.ActiveCfg = Release|Any CPU
		{CAFA1837-86DA-4038-8D58-E4FD6C98CCAF}.Release|Any CPU.Build.0 = Release|Any CPU
		{CAFA1837-86DA-4038-8D58-E4FD6C98CCAF}.Release|ARM.ActiveCfg = Release|Any CPU
		{CAFA1837-86DA-4038-8D58-E4FD6C98CCAF}.Release|ARM.Build.0 = Release|Any CPU
		{CAFA1837-86DA-4038-8D58-E4FD6C98CCAF}.Release|ARM64.ActiveCfg = Release|Any CPU
		{CAFA1837-86DA-4038-8D58-E4FD6C98CCAF}.Release|ARM64.Build.0 = Release|Any CPU
		{CAFA1837-86DA-4038-8D58-E4FD6C98CCAF}.Release|x64.ActiveCfg = Release|Any CPU
		{CAFA1837-86DA-4038-8D58-E4FD6C98CCAF}.Release|x64.Build.0 = Release|Any CPU
		{CAFA1837-86DA-4038-8D58-E4FD6C98CCAF}.Release|x86.ActiveCfg = Release|Any CPU
		{CAFA1837-86DA-4038-8D58-E4FD6C98CCAF}.Release|x86.Build.0 = Release|Any CPU
		{38D08DE4-3D98-44DF-B017-700309F3F823}.Debug|Any CPU.ActiveCfg = Debug|Any CPU
		{38D08DE4-3D98-44DF-B017-700309F3F823}.Debug|Any CPU.Build.0 = Debug|Any CPU
		{38D08DE4-3D98-44DF-B017-700309F3F823}.Debug|ARM.ActiveCfg = Debug|Any CPU
		{38D08DE4-3D98-44DF-B017-700309F3F823}.Debug|ARM.Build.0 = Debug|Any CPU
		{38D08DE4-3D98-44DF-B017-700309F3F823}.Debug|ARM64.ActiveCfg = Debug|Any CPU
		{38D08DE4-3D98-44DF-B017-700309F3F823}.Debug|ARM64.Build.0 = Debug|Any CPU
		{38D08DE4-3D98-44DF-B017-700309F3F823}.Debug|x64.ActiveCfg = Debug|Any CPU
		{38D08DE4-3D98-44DF-B017-700309F3F823}.Debug|x64.Build.0 = Debug|Any CPU
		{38D08DE4-3D98-44DF-B017-700309F3F823}.Debug|x86.ActiveCfg = Debug|Any CPU
		{38D08DE4-3D98-44DF-B017-700309F3F823}.Debug|x86.Build.0 = Debug|Any CPU
		{38D08DE4-3D98-44DF-B017-700309F3F823}.Release|Any CPU.ActiveCfg = Release|Any CPU
		{38D08DE4-3D98-44DF-B017-700309F3F823}.Release|Any CPU.Build.0 = Release|Any CPU
		{38D08DE4-3D98-44DF-B017-700309F3F823}.Release|ARM.ActiveCfg = Release|Any CPU
		{38D08DE4-3D98-44DF-B017-700309F3F823}.Release|ARM.Build.0 = Release|Any CPU
		{38D08DE4-3D98-44DF-B017-700309F3F823}.Release|ARM64.ActiveCfg = Release|Any CPU
		{38D08DE4-3D98-44DF-B017-700309F3F823}.Release|ARM64.Build.0 = Release|Any CPU
		{38D08DE4-3D98-44DF-B017-700309F3F823}.Release|x64.ActiveCfg = Release|Any CPU
		{38D08DE4-3D98-44DF-B017-700309F3F823}.Release|x64.Build.0 = Release|Any CPU
		{38D08DE4-3D98-44DF-B017-700309F3F823}.Release|x86.ActiveCfg = Release|Any CPU
		{38D08DE4-3D98-44DF-B017-700309F3F823}.Release|x86.Build.0 = Release|Any CPU
		{D092F5DA-260C-4A27-AAFD-BD4A6C477C07}.Debug|Any CPU.ActiveCfg = Debug|Any CPU
		{D092F5DA-260C-4A27-AAFD-BD4A6C477C07}.Debug|Any CPU.Build.0 = Debug|Any CPU
		{D092F5DA-260C-4A27-AAFD-BD4A6C477C07}.Debug|ARM.ActiveCfg = Debug|Any CPU
		{D092F5DA-260C-4A27-AAFD-BD4A6C477C07}.Debug|ARM.Build.0 = Debug|Any CPU
		{D092F5DA-260C-4A27-AAFD-BD4A6C477C07}.Debug|ARM64.ActiveCfg = Debug|Any CPU
		{D092F5DA-260C-4A27-AAFD-BD4A6C477C07}.Debug|ARM64.Build.0 = Debug|Any CPU
		{D092F5DA-260C-4A27-AAFD-BD4A6C477C07}.Debug|x64.ActiveCfg = Debug|Any CPU
		{D092F5DA-260C-4A27-AAFD-BD4A6C477C07}.Debug|x64.Build.0 = Debug|Any CPU
		{D092F5DA-260C-4A27-AAFD-BD4A6C477C07}.Debug|x86.ActiveCfg = Debug|Any CPU
		{D092F5DA-260C-4A27-AAFD-BD4A6C477C07}.Debug|x86.Build.0 = Debug|Any CPU
		{D092F5DA-260C-4A27-AAFD-BD4A6C477C07}.Release|Any CPU.ActiveCfg = Release|Any CPU
		{D092F5DA-260C-4A27-AAFD-BD4A6C477C07}.Release|Any CPU.Build.0 = Release|Any CPU
		{D092F5DA-260C-4A27-AAFD-BD4A6C477C07}.Release|ARM.ActiveCfg = Release|Any CPU
		{D092F5DA-260C-4A27-AAFD-BD4A6C477C07}.Release|ARM.Build.0 = Release|Any CPU
		{D092F5DA-260C-4A27-AAFD-BD4A6C477C07}.Release|ARM64.ActiveCfg = Release|Any CPU
		{D092F5DA-260C-4A27-AAFD-BD4A6C477C07}.Release|ARM64.Build.0 = Release|Any CPU
		{D092F5DA-260C-4A27-AAFD-BD4A6C477C07}.Release|x64.ActiveCfg = Release|Any CPU
		{D092F5DA-260C-4A27-AAFD-BD4A6C477C07}.Release|x64.Build.0 = Release|Any CPU
		{D092F5DA-260C-4A27-AAFD-BD4A6C477C07}.Release|x86.ActiveCfg = Release|Any CPU
		{D092F5DA-260C-4A27-AAFD-BD4A6C477C07}.Release|x86.Build.0 = Release|Any CPU
		{F575599F-41AD-4CDD-B0AD-3B659A43EE84}.Debug|Any CPU.ActiveCfg = Debug|Any CPU
		{F575599F-41AD-4CDD-B0AD-3B659A43EE84}.Debug|ARM.ActiveCfg = Debug|Any CPU
		{F575599F-41AD-4CDD-B0AD-3B659A43EE84}.Debug|ARM64.ActiveCfg = Debug|Any CPU
		{F575599F-41AD-4CDD-B0AD-3B659A43EE84}.Debug|x64.ActiveCfg = Debug|Any CPU
		{F575599F-41AD-4CDD-B0AD-3B659A43EE84}.Debug|x86.ActiveCfg = Debug|Any CPU
		{F575599F-41AD-4CDD-B0AD-3B659A43EE84}.Release|Any CPU.ActiveCfg = Release|Any CPU
		{F575599F-41AD-4CDD-B0AD-3B659A43EE84}.Release|ARM.ActiveCfg = Release|Any CPU
		{F575599F-41AD-4CDD-B0AD-3B659A43EE84}.Release|ARM64.ActiveCfg = Release|Any CPU
		{F575599F-41AD-4CDD-B0AD-3B659A43EE84}.Release|x64.ActiveCfg = Release|Any CPU
		{F575599F-41AD-4CDD-B0AD-3B659A43EE84}.Release|x86.ActiveCfg = Release|Any CPU
		{86321D6A-C1C0-4319-9999-0E6555352618}.Debug|Any CPU.ActiveCfg = Debug|Any CPU
		{86321D6A-C1C0-4319-9999-0E6555352618}.Debug|Any CPU.Build.0 = Debug|Any CPU
		{86321D6A-C1C0-4319-9999-0E6555352618}.Debug|ARM.ActiveCfg = Debug|Any CPU
		{86321D6A-C1C0-4319-9999-0E6555352618}.Debug|ARM.Build.0 = Debug|Any CPU
		{86321D6A-C1C0-4319-9999-0E6555352618}.Debug|ARM64.ActiveCfg = Debug|Any CPU
		{86321D6A-C1C0-4319-9999-0E6555352618}.Debug|ARM64.Build.0 = Debug|Any CPU
		{86321D6A-C1C0-4319-9999-0E6555352618}.Debug|x64.ActiveCfg = Debug|Any CPU
		{86321D6A-C1C0-4319-9999-0E6555352618}.Debug|x64.Build.0 = Debug|Any CPU
		{86321D6A-C1C0-4319-9999-0E6555352618}.Debug|x86.ActiveCfg = Debug|Any CPU
		{86321D6A-C1C0-4319-9999-0E6555352618}.Debug|x86.Build.0 = Debug|Any CPU
		{86321D6A-C1C0-4319-9999-0E6555352618}.Release|Any CPU.ActiveCfg = Release|Any CPU
		{86321D6A-C1C0-4319-9999-0E6555352618}.Release|Any CPU.Build.0 = Release|Any CPU
		{86321D6A-C1C0-4319-9999-0E6555352618}.Release|ARM.ActiveCfg = Release|Any CPU
		{86321D6A-C1C0-4319-9999-0E6555352618}.Release|ARM.Build.0 = Release|Any CPU
		{86321D6A-C1C0-4319-9999-0E6555352618}.Release|ARM64.ActiveCfg = Release|Any CPU
		{86321D6A-C1C0-4319-9999-0E6555352618}.Release|ARM64.Build.0 = Release|Any CPU
		{86321D6A-C1C0-4319-9999-0E6555352618}.Release|x64.ActiveCfg = Release|Any CPU
		{86321D6A-C1C0-4319-9999-0E6555352618}.Release|x64.Build.0 = Release|Any CPU
		{86321D6A-C1C0-4319-9999-0E6555352618}.Release|x86.ActiveCfg = Release|Any CPU
		{86321D6A-C1C0-4319-9999-0E6555352618}.Release|x86.Build.0 = Release|Any CPU
		{1AC6ED7F-9637-4C3C-B01C-11E69E6422D8}.Debug|Any CPU.ActiveCfg = Debug|Any CPU
		{1AC6ED7F-9637-4C3C-B01C-11E69E6422D8}.Debug|Any CPU.Build.0 = Debug|Any CPU
		{1AC6ED7F-9637-4C3C-B01C-11E69E6422D8}.Debug|ARM.ActiveCfg = Debug|Any CPU
		{1AC6ED7F-9637-4C3C-B01C-11E69E6422D8}.Debug|ARM.Build.0 = Debug|Any CPU
		{1AC6ED7F-9637-4C3C-B01C-11E69E6422D8}.Debug|ARM64.ActiveCfg = Debug|Any CPU
		{1AC6ED7F-9637-4C3C-B01C-11E69E6422D8}.Debug|ARM64.Build.0 = Debug|Any CPU
		{1AC6ED7F-9637-4C3C-B01C-11E69E6422D8}.Debug|x64.ActiveCfg = Debug|Any CPU
		{1AC6ED7F-9637-4C3C-B01C-11E69E6422D8}.Debug|x64.Build.0 = Debug|Any CPU
		{1AC6ED7F-9637-4C3C-B01C-11E69E6422D8}.Debug|x86.ActiveCfg = Debug|Any CPU
		{1AC6ED7F-9637-4C3C-B01C-11E69E6422D8}.Debug|x86.Build.0 = Debug|Any CPU
		{1AC6ED7F-9637-4C3C-B01C-11E69E6422D8}.Release|Any CPU.ActiveCfg = Release|Any CPU
		{1AC6ED7F-9637-4C3C-B01C-11E69E6422D8}.Release|Any CPU.Build.0 = Release|Any CPU
		{1AC6ED7F-9637-4C3C-B01C-11E69E6422D8}.Release|ARM.ActiveCfg = Release|Any CPU
		{1AC6ED7F-9637-4C3C-B01C-11E69E6422D8}.Release|ARM.Build.0 = Release|Any CPU
		{1AC6ED7F-9637-4C3C-B01C-11E69E6422D8}.Release|ARM64.ActiveCfg = Release|Any CPU
		{1AC6ED7F-9637-4C3C-B01C-11E69E6422D8}.Release|ARM64.Build.0 = Release|Any CPU
		{1AC6ED7F-9637-4C3C-B01C-11E69E6422D8}.Release|x64.ActiveCfg = Release|Any CPU
		{1AC6ED7F-9637-4C3C-B01C-11E69E6422D8}.Release|x64.Build.0 = Release|Any CPU
		{1AC6ED7F-9637-4C3C-B01C-11E69E6422D8}.Release|x86.ActiveCfg = Release|Any CPU
		{1AC6ED7F-9637-4C3C-B01C-11E69E6422D8}.Release|x86.Build.0 = Release|Any CPU
		{EC194BD3-BFB4-4494-8B8D-5F20EF0313A5}.Debug|Any CPU.ActiveCfg = Debug|Any CPU
		{EC194BD3-BFB4-4494-8B8D-5F20EF0313A5}.Debug|Any CPU.Build.0 = Debug|Any CPU
		{EC194BD3-BFB4-4494-8B8D-5F20EF0313A5}.Debug|ARM.ActiveCfg = Debug|Any CPU
		{EC194BD3-BFB4-4494-8B8D-5F20EF0313A5}.Debug|ARM.Build.0 = Debug|Any CPU
		{EC194BD3-BFB4-4494-8B8D-5F20EF0313A5}.Debug|ARM64.ActiveCfg = Debug|Any CPU
		{EC194BD3-BFB4-4494-8B8D-5F20EF0313A5}.Debug|ARM64.Build.0 = Debug|Any CPU
		{EC194BD3-BFB4-4494-8B8D-5F20EF0313A5}.Debug|x64.ActiveCfg = Debug|Any CPU
		{EC194BD3-BFB4-4494-8B8D-5F20EF0313A5}.Debug|x64.Build.0 = Debug|Any CPU
		{EC194BD3-BFB4-4494-8B8D-5F20EF0313A5}.Debug|x86.ActiveCfg = Debug|Any CPU
		{EC194BD3-BFB4-4494-8B8D-5F20EF0313A5}.Debug|x86.Build.0 = Debug|Any CPU
		{EC194BD3-BFB4-4494-8B8D-5F20EF0313A5}.Release|Any CPU.ActiveCfg = Release|Any CPU
		{EC194BD3-BFB4-4494-8B8D-5F20EF0313A5}.Release|Any CPU.Build.0 = Release|Any CPU
		{EC194BD3-BFB4-4494-8B8D-5F20EF0313A5}.Release|ARM.ActiveCfg = Release|Any CPU
		{EC194BD3-BFB4-4494-8B8D-5F20EF0313A5}.Release|ARM.Build.0 = Release|Any CPU
		{EC194BD3-BFB4-4494-8B8D-5F20EF0313A5}.Release|ARM64.ActiveCfg = Release|Any CPU
		{EC194BD3-BFB4-4494-8B8D-5F20EF0313A5}.Release|ARM64.Build.0 = Release|Any CPU
		{EC194BD3-BFB4-4494-8B8D-5F20EF0313A5}.Release|x64.ActiveCfg = Release|Any CPU
		{EC194BD3-BFB4-4494-8B8D-5F20EF0313A5}.Release|x64.Build.0 = Release|Any CPU
		{EC194BD3-BFB4-4494-8B8D-5F20EF0313A5}.Release|x86.ActiveCfg = Release|Any CPU
		{EC194BD3-BFB4-4494-8B8D-5F20EF0313A5}.Release|x86.Build.0 = Release|Any CPU
		{55FB061C-0761-4328-BF6B-A4171FF2CDDE}.Debug|Any CPU.ActiveCfg = Debug|Any CPU
		{55FB061C-0761-4328-BF6B-A4171FF2CDDE}.Debug|Any CPU.Build.0 = Debug|Any CPU
		{55FB061C-0761-4328-BF6B-A4171FF2CDDE}.Debug|ARM.ActiveCfg = Debug|Any CPU
		{55FB061C-0761-4328-BF6B-A4171FF2CDDE}.Debug|ARM.Build.0 = Debug|Any CPU
		{55FB061C-0761-4328-BF6B-A4171FF2CDDE}.Debug|ARM64.ActiveCfg = Debug|Any CPU
		{55FB061C-0761-4328-BF6B-A4171FF2CDDE}.Debug|ARM64.Build.0 = Debug|Any CPU
		{55FB061C-0761-4328-BF6B-A4171FF2CDDE}.Debug|x64.ActiveCfg = Debug|Any CPU
		{55FB061C-0761-4328-BF6B-A4171FF2CDDE}.Debug|x64.Build.0 = Debug|Any CPU
		{55FB061C-0761-4328-BF6B-A4171FF2CDDE}.Debug|x86.ActiveCfg = Debug|Any CPU
		{55FB061C-0761-4328-BF6B-A4171FF2CDDE}.Debug|x86.Build.0 = Debug|Any CPU
		{55FB061C-0761-4328-BF6B-A4171FF2CDDE}.Release|Any CPU.ActiveCfg = Release|Any CPU
		{55FB061C-0761-4328-BF6B-A4171FF2CDDE}.Release|Any CPU.Build.0 = Release|Any CPU
		{55FB061C-0761-4328-BF6B-A4171FF2CDDE}.Release|ARM.ActiveCfg = Release|Any CPU
		{55FB061C-0761-4328-BF6B-A4171FF2CDDE}.Release|ARM.Build.0 = Release|Any CPU
		{55FB061C-0761-4328-BF6B-A4171FF2CDDE}.Release|ARM64.ActiveCfg = Release|Any CPU
		{55FB061C-0761-4328-BF6B-A4171FF2CDDE}.Release|ARM64.Build.0 = Release|Any CPU
		{55FB061C-0761-4328-BF6B-A4171FF2CDDE}.Release|x64.ActiveCfg = Release|Any CPU
		{55FB061C-0761-4328-BF6B-A4171FF2CDDE}.Release|x64.Build.0 = Release|Any CPU
		{55FB061C-0761-4328-BF6B-A4171FF2CDDE}.Release|x86.ActiveCfg = Release|Any CPU
		{55FB061C-0761-4328-BF6B-A4171FF2CDDE}.Release|x86.Build.0 = Release|Any CPU
		{08E58397-A8FE-4A84-930D-14E2DD0FAFCA}.Debug|Any CPU.ActiveCfg = Debug|Any CPU
		{08E58397-A8FE-4A84-930D-14E2DD0FAFCA}.Debug|Any CPU.Build.0 = Debug|Any CPU
		{08E58397-A8FE-4A84-930D-14E2DD0FAFCA}.Debug|ARM.ActiveCfg = Debug|Any CPU
		{08E58397-A8FE-4A84-930D-14E2DD0FAFCA}.Debug|ARM.Build.0 = Debug|Any CPU
		{08E58397-A8FE-4A84-930D-14E2DD0FAFCA}.Debug|ARM64.ActiveCfg = Debug|Any CPU
		{08E58397-A8FE-4A84-930D-14E2DD0FAFCA}.Debug|ARM64.Build.0 = Debug|Any CPU
		{08E58397-A8FE-4A84-930D-14E2DD0FAFCA}.Debug|x64.ActiveCfg = Debug|Any CPU
		{08E58397-A8FE-4A84-930D-14E2DD0FAFCA}.Debug|x64.Build.0 = Debug|Any CPU
		{08E58397-A8FE-4A84-930D-14E2DD0FAFCA}.Debug|x86.ActiveCfg = Debug|Any CPU
		{08E58397-A8FE-4A84-930D-14E2DD0FAFCA}.Debug|x86.Build.0 = Debug|Any CPU
		{08E58397-A8FE-4A84-930D-14E2DD0FAFCA}.Release|Any CPU.ActiveCfg = Release|Any CPU
		{08E58397-A8FE-4A84-930D-14E2DD0FAFCA}.Release|Any CPU.Build.0 = Release|Any CPU
		{08E58397-A8FE-4A84-930D-14E2DD0FAFCA}.Release|ARM.ActiveCfg = Release|Any CPU
		{08E58397-A8FE-4A84-930D-14E2DD0FAFCA}.Release|ARM.Build.0 = Release|Any CPU
		{08E58397-A8FE-4A84-930D-14E2DD0FAFCA}.Release|ARM64.ActiveCfg = Release|Any CPU
		{08E58397-A8FE-4A84-930D-14E2DD0FAFCA}.Release|ARM64.Build.0 = Release|Any CPU
		{08E58397-A8FE-4A84-930D-14E2DD0FAFCA}.Release|x64.ActiveCfg = Release|Any CPU
		{08E58397-A8FE-4A84-930D-14E2DD0FAFCA}.Release|x64.Build.0 = Release|Any CPU
		{08E58397-A8FE-4A84-930D-14E2DD0FAFCA}.Release|x86.ActiveCfg = Release|Any CPU
		{08E58397-A8FE-4A84-930D-14E2DD0FAFCA}.Release|x86.Build.0 = Release|Any CPU
		{0E842041-E6F8-4933-B3BE-D8E00EC035BA}.Debug|Any CPU.ActiveCfg = Debug|Any CPU
		{0E842041-E6F8-4933-B3BE-D8E00EC035BA}.Debug|Any CPU.Build.0 = Debug|Any CPU
		{0E842041-E6F8-4933-B3BE-D8E00EC035BA}.Debug|ARM.ActiveCfg = Debug|Any CPU
		{0E842041-E6F8-4933-B3BE-D8E00EC035BA}.Debug|ARM.Build.0 = Debug|Any CPU
		{0E842041-E6F8-4933-B3BE-D8E00EC035BA}.Debug|ARM64.ActiveCfg = Debug|Any CPU
		{0E842041-E6F8-4933-B3BE-D8E00EC035BA}.Debug|ARM64.Build.0 = Debug|Any CPU
		{0E842041-E6F8-4933-B3BE-D8E00EC035BA}.Debug|x64.ActiveCfg = Debug|x64
		{0E842041-E6F8-4933-B3BE-D8E00EC035BA}.Debug|x64.Build.0 = Debug|x64
		{0E842041-E6F8-4933-B3BE-D8E00EC035BA}.Debug|x86.ActiveCfg = Debug|Any CPU
		{0E842041-E6F8-4933-B3BE-D8E00EC035BA}.Debug|x86.Build.0 = Debug|Any CPU
		{0E842041-E6F8-4933-B3BE-D8E00EC035BA}.Release|Any CPU.ActiveCfg = Release|Any CPU
		{0E842041-E6F8-4933-B3BE-D8E00EC035BA}.Release|Any CPU.Build.0 = Release|Any CPU
		{0E842041-E6F8-4933-B3BE-D8E00EC035BA}.Release|ARM.ActiveCfg = Release|Any CPU
		{0E842041-E6F8-4933-B3BE-D8E00EC035BA}.Release|ARM.Build.0 = Release|Any CPU
		{0E842041-E6F8-4933-B3BE-D8E00EC035BA}.Release|ARM64.ActiveCfg = Release|Any CPU
		{0E842041-E6F8-4933-B3BE-D8E00EC035BA}.Release|ARM64.Build.0 = Release|Any CPU
		{0E842041-E6F8-4933-B3BE-D8E00EC035BA}.Release|x64.ActiveCfg = Release|x64
		{0E842041-E6F8-4933-B3BE-D8E00EC035BA}.Release|x64.Build.0 = Release|x64
		{0E842041-E6F8-4933-B3BE-D8E00EC035BA}.Release|x86.ActiveCfg = Release|Any CPU
		{0E842041-E6F8-4933-B3BE-D8E00EC035BA}.Release|x86.Build.0 = Release|Any CPU
		{D0F2016C-71B6-4203-AB50-7BCC9FDD8E2A}.Debug|Any CPU.ActiveCfg = Debug|Any CPU
		{D0F2016C-71B6-4203-AB50-7BCC9FDD8E2A}.Debug|Any CPU.Build.0 = Debug|Any CPU
		{D0F2016C-71B6-4203-AB50-7BCC9FDD8E2A}.Debug|ARM.ActiveCfg = Debug|Any CPU
		{D0F2016C-71B6-4203-AB50-7BCC9FDD8E2A}.Debug|ARM.Build.0 = Debug|Any CPU
		{D0F2016C-71B6-4203-AB50-7BCC9FDD8E2A}.Debug|ARM64.ActiveCfg = Debug|Any CPU
		{D0F2016C-71B6-4203-AB50-7BCC9FDD8E2A}.Debug|ARM64.Build.0 = Debug|Any CPU
		{D0F2016C-71B6-4203-AB50-7BCC9FDD8E2A}.Debug|x64.ActiveCfg = Debug|Any CPU
		{D0F2016C-71B6-4203-AB50-7BCC9FDD8E2A}.Debug|x64.Build.0 = Debug|Any CPU
		{D0F2016C-71B6-4203-AB50-7BCC9FDD8E2A}.Debug|x86.ActiveCfg = Debug|Any CPU
		{D0F2016C-71B6-4203-AB50-7BCC9FDD8E2A}.Debug|x86.Build.0 = Debug|Any CPU
		{D0F2016C-71B6-4203-AB50-7BCC9FDD8E2A}.Release|Any CPU.ActiveCfg = Release|Any CPU
		{D0F2016C-71B6-4203-AB50-7BCC9FDD8E2A}.Release|Any CPU.Build.0 = Release|Any CPU
		{D0F2016C-71B6-4203-AB50-7BCC9FDD8E2A}.Release|ARM.ActiveCfg = Release|Any CPU
		{D0F2016C-71B6-4203-AB50-7BCC9FDD8E2A}.Release|ARM.Build.0 = Release|Any CPU
		{D0F2016C-71B6-4203-AB50-7BCC9FDD8E2A}.Release|ARM64.ActiveCfg = Release|Any CPU
		{D0F2016C-71B6-4203-AB50-7BCC9FDD8E2A}.Release|ARM64.Build.0 = Release|Any CPU
		{D0F2016C-71B6-4203-AB50-7BCC9FDD8E2A}.Release|x64.ActiveCfg = Release|Any CPU
		{D0F2016C-71B6-4203-AB50-7BCC9FDD8E2A}.Release|x64.Build.0 = Release|Any CPU
		{D0F2016C-71B6-4203-AB50-7BCC9FDD8E2A}.Release|x86.ActiveCfg = Release|Any CPU
		{D0F2016C-71B6-4203-AB50-7BCC9FDD8E2A}.Release|x86.Build.0 = Release|Any CPU
		{E4AAA383-EE3C-4A1B-A34D-88F5E4350A4C}.Debug|Any CPU.ActiveCfg = Debug|Any CPU
		{E4AAA383-EE3C-4A1B-A34D-88F5E4350A4C}.Debug|Any CPU.Build.0 = Debug|Any CPU
		{E4AAA383-EE3C-4A1B-A34D-88F5E4350A4C}.Debug|ARM.ActiveCfg = Debug|Any CPU
		{E4AAA383-EE3C-4A1B-A34D-88F5E4350A4C}.Debug|ARM.Build.0 = Debug|Any CPU
		{E4AAA383-EE3C-4A1B-A34D-88F5E4350A4C}.Debug|ARM64.ActiveCfg = Debug|Any CPU
		{E4AAA383-EE3C-4A1B-A34D-88F5E4350A4C}.Debug|ARM64.Build.0 = Debug|Any CPU
		{E4AAA383-EE3C-4A1B-A34D-88F5E4350A4C}.Debug|x64.ActiveCfg = Debug|x64
		{E4AAA383-EE3C-4A1B-A34D-88F5E4350A4C}.Debug|x64.Build.0 = Debug|x64
		{E4AAA383-EE3C-4A1B-A34D-88F5E4350A4C}.Debug|x86.ActiveCfg = Debug|Any CPU
		{E4AAA383-EE3C-4A1B-A34D-88F5E4350A4C}.Debug|x86.Build.0 = Debug|Any CPU
		{E4AAA383-EE3C-4A1B-A34D-88F5E4350A4C}.Release|Any CPU.ActiveCfg = Release|Any CPU
		{E4AAA383-EE3C-4A1B-A34D-88F5E4350A4C}.Release|Any CPU.Build.0 = Release|Any CPU
		{E4AAA383-EE3C-4A1B-A34D-88F5E4350A4C}.Release|ARM.ActiveCfg = Release|Any CPU
		{E4AAA383-EE3C-4A1B-A34D-88F5E4350A4C}.Release|ARM.Build.0 = Release|Any CPU
		{E4AAA383-EE3C-4A1B-A34D-88F5E4350A4C}.Release|ARM64.ActiveCfg = Release|Any CPU
		{E4AAA383-EE3C-4A1B-A34D-88F5E4350A4C}.Release|ARM64.Build.0 = Release|Any CPU
		{E4AAA383-EE3C-4A1B-A34D-88F5E4350A4C}.Release|x64.ActiveCfg = Release|x64
		{E4AAA383-EE3C-4A1B-A34D-88F5E4350A4C}.Release|x64.Build.0 = Release|x64
		{E4AAA383-EE3C-4A1B-A34D-88F5E4350A4C}.Release|x86.ActiveCfg = Release|Any CPU
		{E4AAA383-EE3C-4A1B-A34D-88F5E4350A4C}.Release|x86.Build.0 = Release|Any CPU
		{29BFE020-6606-4775-A660-38B28FEFC319}.Debug|Any CPU.ActiveCfg = Debug|Any CPU
		{29BFE020-6606-4775-A660-38B28FEFC319}.Debug|Any CPU.Build.0 = Debug|Any CPU
		{29BFE020-6606-4775-A660-38B28FEFC319}.Debug|ARM.ActiveCfg = Debug|Any CPU
		{29BFE020-6606-4775-A660-38B28FEFC319}.Debug|ARM.Build.0 = Debug|Any CPU
		{29BFE020-6606-4775-A660-38B28FEFC319}.Debug|ARM64.ActiveCfg = Debug|Any CPU
		{29BFE020-6606-4775-A660-38B28FEFC319}.Debug|ARM64.Build.0 = Debug|Any CPU
		{29BFE020-6606-4775-A660-38B28FEFC319}.Debug|x64.ActiveCfg = Debug|x64
		{29BFE020-6606-4775-A660-38B28FEFC319}.Debug|x64.Build.0 = Debug|x64
		{29BFE020-6606-4775-A660-38B28FEFC319}.Debug|x86.ActiveCfg = Debug|Any CPU
		{29BFE020-6606-4775-A660-38B28FEFC319}.Debug|x86.Build.0 = Debug|Any CPU
		{29BFE020-6606-4775-A660-38B28FEFC319}.Release|Any CPU.ActiveCfg = Release|Any CPU
		{29BFE020-6606-4775-A660-38B28FEFC319}.Release|Any CPU.Build.0 = Release|Any CPU
		{29BFE020-6606-4775-A660-38B28FEFC319}.Release|ARM.ActiveCfg = Release|Any CPU
		{29BFE020-6606-4775-A660-38B28FEFC319}.Release|ARM.Build.0 = Release|Any CPU
		{29BFE020-6606-4775-A660-38B28FEFC319}.Release|ARM64.ActiveCfg = Release|Any CPU
		{29BFE020-6606-4775-A660-38B28FEFC319}.Release|ARM64.Build.0 = Release|Any CPU
		{29BFE020-6606-4775-A660-38B28FEFC319}.Release|x64.ActiveCfg = Release|x64
		{29BFE020-6606-4775-A660-38B28FEFC319}.Release|x64.Build.0 = Release|x64
		{29BFE020-6606-4775-A660-38B28FEFC319}.Release|x86.ActiveCfg = Release|Any CPU
		{29BFE020-6606-4775-A660-38B28FEFC319}.Release|x86.Build.0 = Release|Any CPU
	EndGlobalSection
	GlobalSection(SolutionProperties) = preSolution
		HideSolutionNode = FALSE
	EndGlobalSection
	GlobalSection(NestedProjects) = preSolution
		{36E0A970-B783-472A-87A6-CE246773001B} = {407B60F1-E54B-4B62-A2A9-0F969E58C3A9}
		{D598A893-6A05-4440-83CB-90FF6CA229C0} = {407B60F1-E54B-4B62-A2A9-0F969E58C3A9}
		{CAFA1837-86DA-4038-8D58-E4FD6C98CCAF} = {407B60F1-E54B-4B62-A2A9-0F969E58C3A9}
		{38D08DE4-3D98-44DF-B017-700309F3F823} = {407B60F1-E54B-4B62-A2A9-0F969E58C3A9}
		{D092F5DA-260C-4A27-AAFD-BD4A6C477C07} = {1558B096-0ED1-4E5D-98E2-BF432F53A96D}
		{F575599F-41AD-4CDD-B0AD-3B659A43EE84} = {1558B096-0ED1-4E5D-98E2-BF432F53A96D}
		{86321D6A-C1C0-4319-9999-0E6555352618} = {1558B096-0ED1-4E5D-98E2-BF432F53A96D}
		{1AC6ED7F-9637-4C3C-B01C-11E69E6422D8} = {1558B096-0ED1-4E5D-98E2-BF432F53A96D}
		{EC194BD3-BFB4-4494-8B8D-5F20EF0313A5} = {1558B096-0ED1-4E5D-98E2-BF432F53A96D}
		{55FB061C-0761-4328-BF6B-A4171FF2CDDE} = {1558B096-0ED1-4E5D-98E2-BF432F53A96D}
		{08E58397-A8FE-4A84-930D-14E2DD0FAFCA} = {407B60F1-E54B-4B62-A2A9-0F969E58C3A9}
		{0E842041-E6F8-4933-B3BE-D8E00EC035BA} = {92A6D37B-A4F2-443D-A3BF-9024C5CFB95C}
		{D0F2016C-71B6-4203-AB50-7BCC9FDD8E2A} = {1558B096-0ED1-4E5D-98E2-BF432F53A96D}
		{E4AAA383-EE3C-4A1B-A34D-88F5E4350A4C} = {92A6D37B-A4F2-443D-A3BF-9024C5CFB95C}
		{29BFE020-6606-4775-A660-38B28FEFC319} = {92A6D37B-A4F2-443D-A3BF-9024C5CFB95C}
	EndGlobalSection
	GlobalSection(ExtensibilityGlobals) = postSolution
		SolutionGuid = {F55B4D53-0A72-49CF-9635-830350365863}
	EndGlobalSection
	GlobalSection(SharedMSBuildProjectFiles) = preSolution
		Shared\Shared.projitems*{86321d6a-c1c0-4319-9999-0e6555352618}*SharedItemsImports = 5
		Shared\Shared.projitems*{f575599f-41ad-4cdd-b0ad-3b659a43ee84}*SharedItemsImports = 13
	EndGlobalSection
EndGlobal
