
Microsoft Visual Studio Solution File, Format Version 12.00
# Visual Studio Version 17
VisualStudioVersion = 17.5.33627.172
MinimumVisualStudioVersion = 10.0.40219.1
Project("{FAE04EC0-301F-11D3-BF4B-00C04F79EFBC}") = "GraphTutorial", "GraphTutorial\GraphTutorial.csproj", "{36E0A970-B783-472A-87A6-CE246773001B}"
EndProject
Project("{9A19103F-16F7-4668-BE54-9A1E7A4F7556}") = "GraphTutorialConsole", "GraphTutorialConsole\GraphTutorialConsole.csproj", "{D598A893-6A05-4440-83CB-90FF6CA229C0}"
EndProject
Project("{9A19103F-16F7-4668-BE54-9A1E7A4F7556}") = "Win-App-calling-MsGraph", "Win-App-calling-MsGraph\Win-App-calling-MsGraph.csproj", "{CAFA1837-86DA-4038-8D58-E4FD6C98CCAF}"
EndProject
Project("{2150E333-8FDC-42A3-9474-1A3956D46DE8}") = "Solution Items", "Solution Items", "{3BC0D227-C511-4E53-BE40-D79B6932C6E3}"
	ProjectSection(SolutionItems) = preProject
		ReadMe.md = ReadMe.md
	EndProjectSection
EndProject
Project("{9A19103F-16F7-4668-BE54-9A1E7A4F7556}") = "GraphTutorialConsole2", "GraphTutorialConsole2\GraphTutorialConsole2.csproj", "{38D08DE4-3D98-44DF-B017-700309F3F823}"
EndProject
Project("{2150E333-8FDC-42A3-9474-1A3956D46DE8}") = "TokenCaching", "TokenCaching", "{1558B096-0ED1-4E5D-98E2-BF432F53A96D}"
EndProject
Project("{FAE04EC0-301F-11D3-BF4B-00C04F79EFBC}") = "TokenCaching", "TokenCaching\TokenCaching.csproj", "{D092F5DA-260C-4A27-AAFD-BD4A6C477C07}"
EndProject
Project("{D954291E-2A0B-460D-934E-DC6B0785DB48}") = "Shared", "Shared\Shared.shproj", "{F575599F-41AD-4CDD-B0AD-3B659A43EE84}"
EndProject
Project("{9A19103F-16F7-4668-BE54-9A1E7A4F7556}") = "Microsoft.Identity.Client.Extensions.Msal", "Microsoft.Identity.Client.Extensions.Msal\Microsoft.Identity.Client.Extensions.Msal.csproj", "{86321D6A-C1C0-4319-9999-0E6555352618}"
EndProject
Global
	GlobalSection(SolutionConfigurationPlatforms) = preSolution
		Debug|Any CPU = Debug|Any CPU
		Debug|ARM = Debug|ARM
		Debug|ARM64 = Debug|ARM64
		Debug|x64 = Debug|x64
		Debug|x86 = Debug|x86
		Release|Any CPU = Release|Any CPU
		Release|ARM = Release|ARM
		Release|ARM64 = Release|ARM64
		Release|x64 = Release|x64
		Release|x86 = Release|x86
	EndGlobalSection
	GlobalSection(ProjectConfigurationPlatforms) = postSolution
		{36E0A970-B783-472A-87A6-CE246773001B}.Debug|Any CPU.ActiveCfg = Debug|x86
		{36E0A970-B783-472A-87A6-CE246773001B}.Debug|ARM.ActiveCfg = Debug|ARM
		{36E0A970-B783-472A-87A6-CE246773001B}.Debug|ARM.Build.0 = Debug|ARM
		{36E0A970-B783-472A-87A6-CE246773001B}.Debug|ARM.Deploy.0 = Debug|ARM
		{36E0A970-B783-472A-87A6-CE246773001B}.Debug|ARM64.ActiveCfg = Debug|ARM64
		{36E0A970-B783-472A-87A6-CE246773001B}.Debug|ARM64.Build.0 = Debug|ARM64
		{36E0A970-B783-472A-87A6-CE246773001B}.Debug|ARM64.Deploy.0 = Debug|ARM64
		{36E0A970-B783-472A-87A6-CE246773001B}.Debug|x64.ActiveCfg = Debug|x64
		{36E0A970-B783-472A-87A6-CE246773001B}.Debug|x64.Build.0 = Debug|x64
		{36E0A970-B783-472A-87A6-CE246773001B}.Debug|x64.Deploy.0 = Debug|x64
		{36E0A970-B783-472A-87A6-CE246773001B}.Debug|x86.ActiveCfg = Debug|x86
		{36E0A970-B783-472A-87A6-CE246773001B}.Debug|x86.Build.0 = Debug|x86
		{36E0A970-B783-472A-87A6-CE246773001B}.Debug|x86.Deploy.0 = Debug|x86
		{36E0A970-B783-472A-87A6-CE246773001B}.Release|Any CPU.ActiveCfg = Release|x86
		{36E0A970-B783-472A-87A6-CE246773001B}.Release|ARM.ActiveCfg = Release|ARM
		{36E0A970-B783-472A-87A6-CE246773001B}.Release|ARM.Build.0 = Release|ARM
		{36E0A970-B783-472A-87A6-CE246773001B}.Release|ARM.Deploy.0 = Release|ARM
		{36E0A970-B783-472A-87A6-CE246773001B}.Release|ARM64.ActiveCfg = Release|ARM64
		{36E0A970-B783-472A-87A6-CE246773001B}.Release|ARM64.Build.0 = Release|ARM64
		{36E0A970-B783-472A-87A6-CE246773001B}.Release|ARM64.Deploy.0 = Release|ARM64
		{36E0A970-B783-472A-87A6-CE246773001B}.Release|x64.ActiveCfg = Release|x64
		{36E0A970-B783-472A-87A6-CE246773001B}.Release|x64.Build.0 = Release|x64
		{36E0A970-B783-472A-87A6-CE246773001B}.Release|x64.Deploy.0 = Release|x64
		{36E0A970-B783-472A-87A6-CE246773001B}.Release|x86.ActiveCfg = Release|x86
		{36E0A970-B783-472A-87A6-CE246773001B}.Release|x86.Build.0 = Release|x86
		{36E0A970-B783-472A-87A6-CE246773001B}.Release|x86.Deploy.0 = Release|x86
		{D598A893-6A05-4440-83CB-90FF6CA229C0}.Debug|Any CPU.ActiveCfg = Debug|Any CPU
		{D598A893-6A05-4440-83CB-90FF6CA229C0}.Debug|Any CPU.Build.0 = Debug|Any CPU
		{D598A893-6A05-4440-83CB-90FF6CA229C0}.Debug|ARM.ActiveCfg = Debug|Any CPU
		{D598A893-6A05-4440-83CB-90FF6CA229C0}.Debug|ARM.Build.0 = Debug|Any CPU
		{D598A893-6A05-4440-83CB-90FF6CA229C0}.Debug|ARM64.ActiveCfg = Debug|Any CPU
		{D598A893-6A05-4440-83CB-90FF6CA229C0}.Debug|ARM64.Build.0 = Debug|Any CPU
		{D598A893-6A05-4440-83CB-90FF6CA229C0}.Debug|x64.ActiveCfg = Debug|Any CPU
		{D598A893-6A05-4440-83CB-90FF6CA229C0}.Debug|x64.Build.0 = Debug|Any CPU
		{D598A893-6A05-4440-83CB-90FF6CA229C0}.Debug|x86.ActiveCfg = Debug|Any CPU
		{D598A893-6A05-4440-83CB-90FF6CA229C0}.Debug|x86.Build.0 = Debug|Any CPU
		{D598A893-6A05-4440-83CB-90FF6CA229C0}.Release|Any CPU.ActiveCfg = Release|Any CPU
		{D598A893-6A05-4440-83CB-90FF6CA229C0}.Release|Any CPU.Build.0 = Release|Any CPU
		{D598A893-6A05-4440-83CB-90FF6CA229C0}.Release|ARM.ActiveCfg = Release|Any CPU
		{D598A893-6A05-4440-83CB-90FF6CA229C0}.Release|ARM.Build.0 = Release|Any CPU
		{D598A893-6A05-4440-83CB-90FF6CA229C0}.Release|ARM64.ActiveCfg = Release|Any CPU
		{D598A893-6A05-4440-83CB-90FF6CA229C0}.Release|ARM64.Build.0 = Release|Any CPU
		{D598A893-6A05-4440-83CB-90FF6CA229C0}.Release|x64.ActiveCfg = Release|Any CPU
		{D598A893-6A05-4440-83CB-90FF6CA229C0}.Release|x64.Build.0 = Release|Any CPU
		{D598A893-6A05-4440-83CB-90FF6CA229C0}.Release|x86.ActiveCfg = Release|Any CPU
		{D598A893-6A05-4440-83CB-90FF6CA229C0}.Release|x86.Build.0 = Release|Any CPU
		{CAFA1837-86DA-4038-8D58-E4FD6C98CCAF}.Debug|Any CPU.ActiveCfg = Debug|Any CPU
		{CAFA1837-86DA-4038-8D58-E4FD6C98CCAF}.Debug|Any CPU.Build.0 = Debug|Any CPU
		{CAFA1837-86DA-4038-8D58-E4FD6C98CCAF}.Debug|ARM.ActiveCfg = Debug|Any CPU
		{CAFA1837-86DA-4038-8D58-E4FD6C98CCAF}.Debug|ARM.Build.0 = Debug|Any CPU
		{CAFA1837-86DA-4038-8D58-E4FD6C98CCAF}.Debug|ARM64.ActiveCfg = Debug|Any CPU
		{CAFA1837-86DA-4038-8D58-E4FD6C98CCAF}.Debug|ARM64.Build.0 = Debug|Any CPU
		{CAFA1837-86DA-4038-8D58-E4FD6C98CCAF}.Debug|x64.ActiveCfg = Debug|Any CPU
		{CAFA1837-86DA-4038-8D58-E4FD6C98CCAF}.Debug|x64.Build.0 = Debug|Any CPU
		{CAFA1837-86DA-4038-8D58-E4FD6C98CCAF}.Debug|x86.ActiveCfg = Debug|Any CPU
		{CAFA1837-86DA-4038-8D58-E4FD6C98CCAF}.Debug|x86.Build.0 = Debug|Any CPU
		{CAFA1837-86DA-4038-8D58-E4FD6C98CCAF}.Release|Any CPU.ActiveCfg = Release|Any CPU
		{CAFA1837-86DA-4038-8D58-E4FD6C98CCAF}.Release|Any CPU.Build.0 = Release|Any CPU
		{CAFA1837-86DA-4038-8D58-E4FD6C98CCAF}.Release|ARM.ActiveCfg = Release|Any CPU
		{CAFA1837-86DA-4038-8D58-E4FD6C98CCAF}.Release|ARM.Build.0 = Release|Any CPU
		{CAFA1837-86DA-4038-8D58-E4FD6C98CCAF}.Release|ARM64.ActiveCfg = Release|Any CPU
		{CAFA1837-86DA-4038-8D58-E4FD6C98CCAF}.Release|ARM64.Build.0 = Release|Any CPU
		{CAFA1837-86DA-4038-8D58-E4FD6C98CCAF}.Release|x64.ActiveCfg = Release|Any CPU
		{CAFA1837-86DA-4038-8D58-E4FD6C98CCAF}.Release|x64.Build.0 = Release|Any CPU
		{CAFA1837-86DA-4038-8D58-E4FD6C98CCAF}.Release|x86.ActiveCfg = Release|Any CPU
		{CAFA1837-86DA-4038-8D58-E4FD6C98CCAF}.Release|x86.Build.0 = Release|Any CPU
		{38D08DE4-3D98-44DF-B017-700309F3F823}.Debug|Any CPU.ActiveCfg = Debug|Any CPU
		{38D08DE4-3D98-44DF-B017-700309F3F823}.Debug|Any CPU.Build.0 = Debug|Any CPU
		{38D08DE4-3D98-44DF-B017-700309F3F823}.Debug|ARM.ActiveCfg = Debug|Any CPU
		{38D08DE4-3D98-44DF-B017-700309F3F823}.Debug|ARM.Build.0 = Debug|Any CPU
		{38D08DE4-3D98-44DF-B017-700309F3F823}.Debug|ARM64.ActiveCfg = Debug|Any CPU
		{38D08DE4-3D98-44DF-B017-700309F3F823}.Debug|ARM64.Build.0 = Debug|Any CPU
		{38D08DE4-3D98-44DF-B017-700309F3F823}.Debug|x64.ActiveCfg = Debug|Any CPU
		{38D08DE4-3D98-44DF-B017-700309F3F823}.Debug|x64.Build.0 = Debug|Any CPU
		{38D08DE4-3D98-44DF-B017-700309F3F823}.Debug|x86.ActiveCfg = Debug|Any CPU
		{38D08DE4-3D98-44DF-B017-700309F3F823}.Debug|x86.Build.0 = Debug|Any CPU
		{38D08DE4-3D98-44DF-B017-700309F3F823}.Release|Any CPU.ActiveCfg = Release|Any CPU
		{38D08DE4-3D98-44DF-B017-700309F3F823}.Release|Any CPU.Build.0 = Release|Any CPU
		{38D08DE4-3D98-44DF-B017-700309F3F823}.Release|ARM.ActiveCfg = Release|Any CPU
		{38D08DE4-3D98-44DF-B017-700309F3F823}.Release|ARM.Build.0 = Release|Any CPU
		{38D08DE4-3D98-44DF-B017-700309F3F823}.Release|ARM64.ActiveCfg = Release|Any CPU
		{38D08DE4-3D98-44DF-B017-700309F3F823}.Release|ARM64.Build.0 = Release|Any CPU
		{38D08DE4-3D98-44DF-B017-700309F3F823}.Release|x64.ActiveCfg = Release|Any CPU
		{38D08DE4-3D98-44DF-B017-700309F3F823}.Release|x64.Build.0 = Release|Any CPU
		{38D08DE4-3D98-44DF-B017-700309F3F823}.Release|x86.ActiveCfg = Release|Any CPU
		{38D08DE4-3D98-44DF-B017-700309F3F823}.Release|x86.Build.0 = Release|Any CPU
		{D092F5DA-260C-4A27-AAFD-BD4A6C477C07}.Debug|Any CPU.ActiveCfg = Debug|Any CPU
		{D092F5DA-260C-4A27-AAFD-BD4A6C477C07}.Debug|Any CPU.Build.0 = Debug|Any CPU
		{D092F5DA-260C-4A27-AAFD-BD4A6C477C07}.Debug|ARM.ActiveCfg = Debug|Any CPU
		{D092F5DA-260C-4A27-AAFD-BD4A6C477C07}.Debug|ARM.Build.0 = Debug|Any CPU
		{D092F5DA-260C-4A27-AAFD-BD4A6C477C07}.Debug|ARM64.ActiveCfg = Debug|Any CPU
		{D092F5DA-260C-4A27-AAFD-BD4A6C477C07}.Debug|ARM64.Build.0 = Debug|Any CPU
		{D092F5DA-260C-4A27-AAFD-BD4A6C477C07}.Debug|x64.ActiveCfg = Debug|Any CPU
		{D092F5DA-260C-4A27-AAFD-BD4A6C477C07}.Debug|x64.Build.0 = Debug|Any CPU
		{D092F5DA-260C-4A27-AAFD-BD4A6C477C07}.Debug|x86.ActiveCfg = Debug|Any CPU
		{D092F5DA-260C-4A27-AAFD-BD4A6C477C07}.Debug|x86.Build.0 = Debug|Any CPU
		{D092F5DA-260C-4A27-AAFD-BD4A6C477C07}.Release|Any CPU.ActiveCfg = Release|Any CPU
		{D092F5DA-260C-4A27-AAFD-BD4A6C477C07}.Release|Any CPU.Build.0 = Release|Any CPU
		{D092F5DA-260C-4A27-AAFD-BD4A6C477C07}.Release|ARM.ActiveCfg = Release|Any CPU
		{D092F5DA-260C-4A27-AAFD-BD4A6C477C07}.Release|ARM.Build.0 = Release|Any CPU
		{D092F5DA-260C-4A27-AAFD-BD4A6C477C07}.Release|ARM64.ActiveCfg = Release|Any CPU
		{D092F5DA-260C-4A27-AAFD-BD4A6C477C07}.Release|ARM64.Build.0 = Release|Any CPU
		{D092F5DA-260C-4A27-AAFD-BD4A6C477C07}.Release|x64.ActiveCfg = Release|Any CPU
		{D092F5DA-260C-4A27-AAFD-BD4A6C477C07}.Release|x64.Build.0 = Release|Any CPU
		{D092F5DA-260C-4A27-AAFD-BD4A6C477C07}.Release|x86.ActiveCfg = Release|Any CPU
		{D092F5DA-260C-4A27-AAFD-BD4A6C477C07}.Release|x86.Build.0 = Release|Any CPU
		{86321D6A-C1C0-4319-9999-0E6555352618}.Debug|Any CPU.ActiveCfg = Debug|Any CPU
		{86321D6A-C1C0-4319-9999-0E6555352618}.Debug|Any CPU.Build.0 = Debug|Any CPU
		{86321D6A-C1C0-4319-9999-0E6555352618}.Debug|ARM.ActiveCfg = Debug|Any CPU
		{86321D6A-C1C0-4319-9999-0E6555352618}.Debug|ARM.Build.0 = Debug|Any CPU
		{86321D6A-C1C0-4319-9999-0E6555352618}.Debug|ARM64.ActiveCfg = Debug|Any CPU
		{86321D6A-C1C0-4319-9999-0E6555352618}.Debug|ARM64.Build.0 = Debug|Any CPU
		{86321D6A-C1C0-4319-9999-0E6555352618}.Debug|x64.ActiveCfg = Debug|Any CPU
		{86321D6A-C1C0-4319-9999-0E6555352618}.Debug|x64.Build.0 = Debug|Any CPU
		{86321D6A-C1C0-4319-9999-0E6555352618}.Debug|x86.ActiveCfg = Debug|Any CPU
		{86321D6A-C1C0-4319-9999-0E6555352618}.Debug|x86.Build.0 = Debug|Any CPU
		{86321D6A-C1C0-4319-9999-0E6555352618}.Release|Any CPU.ActiveCfg = Release|Any CPU
		{86321D6A-C1C0-4319-9999-0E6555352618}.Release|Any CPU.Build.0 = Release|Any CPU
		{86321D6A-C1C0-4319-9999-0E6555352618}.Release|ARM.ActiveCfg = Release|Any CPU
		{86321D6A-C1C0-4319-9999-0E6555352618}.Release|ARM.Build.0 = Release|Any CPU
		{86321D6A-C1C0-4319-9999-0E6555352618}.Release|ARM64.ActiveCfg = Release|Any CPU
		{86321D6A-C1C0-4319-9999-0E6555352618}.Release|ARM64.Build.0 = Release|Any CPU
		{86321D6A-C1C0-4319-9999-0E6555352618}.Release|x64.ActiveCfg = Release|Any CPU
		{86321D6A-C1C0-4319-9999-0E6555352618}.Release|x64.Build.0 = Release|Any CPU
		{86321D6A-C1C0-4319-9999-0E6555352618}.Release|x86.ActiveCfg = Release|Any CPU
		{86321D6A-C1C0-4319-9999-0E6555352618}.Release|x86.Build.0 = Release|Any CPU
	EndGlobalSection
	GlobalSection(SolutionProperties) = preSolution
		HideSolutionNode = FALSE
	EndGlobalSection
	GlobalSection(NestedProjects) = preSolution
		{D092F5DA-260C-4A27-AAFD-BD4A6C477C07} = {1558B096-0ED1-4E5D-98E2-BF432F53A96D}
		{F575599F-41AD-4CDD-B0AD-3B659A43EE84} = {1558B096-0ED1-4E5D-98E2-BF432F53A96D}
		{86321D6A-C1C0-4319-9999-0E6555352618} = {1558B096-0ED1-4E5D-98E2-BF432F53A96D}
	EndGlobalSection
	GlobalSection(ExtensibilityGlobals) = postSolution
		SolutionGuid = {F55B4D53-0A72-49CF-9635-830350365863}
	EndGlobalSection
	GlobalSection(SharedMSBuildProjectFiles) = preSolution
		Shared\Shared.projitems*{86321d6a-c1c0-4319-9999-0e6555352618}*SharedItemsImports = 5
		Shared\Shared.projitems*{f575599f-41ad-4cdd-b0ad-3b659a43ee84}*SharedItemsImports = 13
	EndGlobalSection
EndGlobal
